// !$*UTF8*$!
{
	archiveVersion = 1;
	classes = {
	};
	objectVersion = 46;
	objects = {

/* Begin PBXBuildFile section */
		D693749A1C39506B002A0FBE /* AppDelegate.swift in Sources */ = {isa = PBXBuildFile; fileRef = D69374991C39506B002A0FBE /* AppDelegate.swift */; };
		D693749C1C39506B002A0FBE /* ViewController.swift in Sources */ = {isa = PBXBuildFile; fileRef = D693749B1C39506B002A0FBE /* ViewController.swift */; };
		D693749F1C39506B002A0FBE /* Main.storyboard in Resources */ = {isa = PBXBuildFile; fileRef = D693749D1C39506B002A0FBE /* Main.storyboard */; };
		D69374A11C39506B002A0FBE /* Assets.xcassets in Resources */ = {isa = PBXBuildFile; fileRef = D69374A01C39506B002A0FBE /* Assets.xcassets */; };
		D69374A41C39506B002A0FBE /* LaunchScreen.storyboard in Resources */ = {isa = PBXBuildFile; fileRef = D69374A21C39506B002A0FBE /* LaunchScreen.storyboard */; };
		D69374AF1C39506B002A0FBE /* DimBackgroundPart2Tests.swift in Sources */ = {isa = PBXBuildFile; fileRef = D69374AE1C39506B002A0FBE /* DimBackgroundPart2Tests.swift */; };
		D69374BA1C39506B002A0FBE /* DimBackgroundPart2UITests.swift in Sources */ = {isa = PBXBuildFile; fileRef = D69374B91C39506B002A0FBE /* DimBackgroundPart2UITests.swift */; };
		D69374C81C39731A002A0FBE /* Dimmable.swift in Sources */ = {isa = PBXBuildFile; fileRef = D69374C71C39731A002A0FBE /* Dimmable.swift */; };
/* End PBXBuildFile section */

/* Begin PBXContainerItemProxy section */
		D69374AB1C39506B002A0FBE /* PBXContainerItemProxy */ = {
			isa = PBXContainerItemProxy;
			containerPortal = D693748E1C39506B002A0FBE /* Project object */;
			proxyType = 1;
			remoteGlobalIDString = D69374951C39506B002A0FBE;
			remoteInfo = DimBackgroundPart2;
		};
		D69374B61C39506B002A0FBE /* PBXContainerItemProxy */ = {
			isa = PBXContainerItemProxy;
			containerPortal = D693748E1C39506B002A0FBE /* Project object */;
			proxyType = 1;
			remoteGlobalIDString = D69374951C39506B002A0FBE;
			remoteInfo = DimBackgroundPart2;
		};
/* End PBXContainerItemProxy section */

/* Begin PBXFileReference section */
		D69374961C39506B002A0FBE /* DimBackgroundPart2.app */ = {isa = PBXFileReference; explicitFileType = wrapper.application; includeInIndex = 0; path = DimBackgroundPart2.app; sourceTree = BUILT_PRODUCTS_DIR; };
		D69374991C39506B002A0FBE /* AppDelegate.swift */ = {isa = PBXFileReference; lastKnownFileType = sourcecode.swift; path = AppDelegate.swift; sourceTree = "<group>"; };
		D693749B1C39506B002A0FBE /* ViewController.swift */ = {isa = PBXFileReference; lastKnownFileType = sourcecode.swift; path = ViewController.swift; sourceTree = "<group>"; };
		D693749E1C39506B002A0FBE /* Base */ = {isa = PBXFileReference; lastKnownFileType = file.storyboard; name = Base; path = Base.lproj/Main.storyboard; sourceTree = "<group>"; };
		D69374A01C39506B002A0FBE /* Assets.xcassets */ = {isa = PBXFileReference; lastKnownFileType = folder.assetcatalog; path = Assets.xcassets; sourceTree = "<group>"; };
		D69374A31C39506B002A0FBE /* Base */ = {isa = PBXFileReference; lastKnownFileType = file.storyboard; name = Base; path = Base.lproj/LaunchScreen.storyboard; sourceTree = "<group>"; };
		D69374A51C39506B002A0FBE /* Info.plist */ = {isa = PBXFileReference; lastKnownFileType = text.plist.xml; path = Info.plist; sourceTree = "<group>"; };
		D69374AA1C39506B002A0FBE /* DimBackgroundPart2Tests.xctest */ = {isa = PBXFileReference; explicitFileType = wrapper.cfbundle; includeInIndex = 0; path = DimBackgroundPart2Tests.xctest; sourceTree = BUILT_PRODUCTS_DIR; };
		D69374AE1C39506B002A0FBE /* DimBackgroundPart2Tests.swift */ = {isa = PBXFileReference; lastKnownFileType = sourcecode.swift; path = DimBackgroundPart2Tests.swift; sourceTree = "<group>"; };
		D69374B01C39506B002A0FBE /* Info.plist */ = {isa = PBXFileReference; lastKnownFileType = text.plist.xml; path = Info.plist; sourceTree = "<group>"; };
		D69374B51C39506B002A0FBE /* DimBackgroundPart2UITests.xctest */ = {isa = PBXFileReference; explicitFileType = wrapper.cfbundle; includeInIndex = 0; path = DimBackgroundPart2UITests.xctest; sourceTree = BUILT_PRODUCTS_DIR; };
		D69374B91C39506B002A0FBE /* DimBackgroundPart2UITests.swift */ = {isa = PBXFileReference; lastKnownFileType = sourcecode.swift; path = DimBackgroundPart2UITests.swift; sourceTree = "<group>"; };
		D69374BB1C39506B002A0FBE /* Info.plist */ = {isa = PBXFileReference; lastKnownFileType = text.plist.xml; path = Info.plist; sourceTree = "<group>"; };
		D69374C71C39731A002A0FBE /* Dimmable.swift */ = {isa = PBXFileReference; fileEncoding = 4; lastKnownFileType = sourcecode.swift; path = Dimmable.swift; sourceTree = "<group>"; };
/* End PBXFileReference section */

/* Begin PBXFrameworksBuildPhase section */
		D69374931C39506B002A0FBE /* Frameworks */ = {
			isa = PBXFrameworksBuildPhase;
			buildActionMask = 2147483647;
			files = (
			);
			runOnlyForDeploymentPostprocessing = 0;
		};
		D69374A71C39506B002A0FBE /* Frameworks */ = {
			isa = PBXFrameworksBuildPhase;
			buildActionMask = 2147483647;
			files = (
			);
			runOnlyForDeploymentPostprocessing = 0;
		};
		D69374B21C39506B002A0FBE /* Frameworks */ = {
			isa = PBXFrameworksBuildPhase;
			buildActionMask = 2147483647;
			files = (
			);
			runOnlyForDeploymentPostprocessing = 0;
		};
/* End PBXFrameworksBuildPhase section */

/* Begin PBXGroup section */
		D693748D1C39506B002A0FBE = {
			isa = PBXGroup;
			children = (
				D69374981C39506B002A0FBE /* DimBackgroundPart2 */,
				D69374AD1C39506B002A0FBE /* DimBackgroundPart2Tests */,
				D69374B81C39506B002A0FBE /* DimBackgroundPart2UITests */,
				D69374971C39506B002A0FBE /* Products */,
			);
			sourceTree = "<group>";
		};
		D69374971C39506B002A0FBE /* Products */ = {
			isa = PBXGroup;
			children = (
				D69374961C39506B002A0FBE /* DimBackgroundPart2.app */,
				D69374AA1C39506B002A0FBE /* DimBackgroundPart2Tests.xctest */,
				D69374B51C39506B002A0FBE /* DimBackgroundPart2UITests.xctest */,
			);
			name = Products;
			sourceTree = "<group>";
		};
		D69374981C39506B002A0FBE /* DimBackgroundPart2 */ = {
			isa = PBXGroup;
			children = (
				D69374991C39506B002A0FBE /* AppDelegate.swift */,
				D693749B1C39506B002A0FBE /* ViewController.swift */,
				D69374C71C39731A002A0FBE /* Dimmable.swift */,
				D693749D1C39506B002A0FBE /* Main.storyboard */,
				D69374A01C39506B002A0FBE /* Assets.xcassets */,
				D69374A21C39506B002A0FBE /* LaunchScreen.storyboard */,
				D69374A51C39506B002A0FBE /* Info.plist */,
			);
			path = DimBackgroundPart2;
			sourceTree = "<group>";
		};
		D69374AD1C39506B002A0FBE /* DimBackgroundPart2Tests */ = {
			isa = PBXGroup;
			children = (
				D69374AE1C39506B002A0FBE /* DimBackgroundPart2Tests.swift */,
				D69374B01C39506B002A0FBE /* Info.plist */,
			);
			path = DimBackgroundPart2Tests;
			sourceTree = "<group>";
		};
		D69374B81C39506B002A0FBE /* DimBackgroundPart2UITests */ = {
			isa = PBXGroup;
			children = (
				D69374B91C39506B002A0FBE /* DimBackgroundPart2UITests.swift */,
				D69374BB1C39506B002A0FBE /* Info.plist */,
			);
			path = DimBackgroundPart2UITests;
			sourceTree = "<group>";
		};
/* End PBXGroup section */

/* Begin PBXNativeTarget section */
		D69374951C39506B002A0FBE /* DimBackgroundPart2 */ = {
			isa = PBXNativeTarget;
			buildConfigurationList = D69374BE1C39506B002A0FBE /* Build configuration list for PBXNativeTarget "DimBackgroundPart2" */;
			buildPhases = (
				D69374921C39506B002A0FBE /* Sources */,
				D69374931C39506B002A0FBE /* Frameworks */,
				D69374941C39506B002A0FBE /* Resources */,
			);
			buildRules = (
			);
			dependencies = (
			);
			name = DimBackgroundPart2;
			productName = DimBackgroundPart2;
			productReference = D69374961C39506B002A0FBE /* DimBackgroundPart2.app */;
			productType = "com.apple.product-type.application";
		};
		D69374A91C39506B002A0FBE /* DimBackgroundPart2Tests */ = {
			isa = PBXNativeTarget;
			buildConfigurationList = D69374C11C39506B002A0FBE /* Build configuration list for PBXNativeTarget "DimBackgroundPart2Tests" */;
			buildPhases = (
				D69374A61C39506B002A0FBE /* Sources */,
				D69374A71C39506B002A0FBE /* Frameworks */,
				D69374A81C39506B002A0FBE /* Resources */,
			);
			buildRules = (
			);
			dependencies = (
				D69374AC1C39506B002A0FBE /* PBXTargetDependency */,
			);
			name = DimBackgroundPart2Tests;
			productName = DimBackgroundPart2Tests;
			productReference = D69374AA1C39506B002A0FBE /* DimBackgroundPart2Tests.xctest */;
			productType = "com.apple.product-type.bundle.unit-test";
		};
		D69374B41C39506B002A0FBE /* DimBackgroundPart2UITests */ = {
			isa = PBXNativeTarget;
			buildConfigurationList = D69374C41C39506B002A0FBE /* Build configuration list for PBXNativeTarget "DimBackgroundPart2UITests" */;
			buildPhases = (
				D69374B11C39506B002A0FBE /* Sources */,
				D69374B21C39506B002A0FBE /* Frameworks */,
				D69374B31C39506B002A0FBE /* Resources */,
			);
			buildRules = (
			);
			dependencies = (
				D69374B71C39506B002A0FBE /* PBXTargetDependency */,
			);
			name = DimBackgroundPart2UITests;
			productName = DimBackgroundPart2UITests;
			productReference = D69374B51C39506B002A0FBE /* DimBackgroundPart2UITests.xctest */;
			productType = "com.apple.product-type.bundle.ui-testing";
		};
/* End PBXNativeTarget section */

/* Begin PBXProject section */
		D693748E1C39506B002A0FBE /* Project object */ = {
			isa = PBXProject;
			attributes = {
				LastSwiftUpdateCheck = 0720;
				LastUpgradeCheck = 0720;
				ORGANIZATIONNAME = Totem;
				TargetAttributes = {
					D69374951C39506B002A0FBE = {
						CreatedOnToolsVersion = 7.2;
					};
					D69374A91C39506B002A0FBE = {
						CreatedOnToolsVersion = 7.2;
						TestTargetID = D69374951C39506B002A0FBE;
					};
					D69374B41C39506B002A0FBE = {
						CreatedOnToolsVersion = 7.2;
						TestTargetID = D69374951C39506B002A0FBE;
					};
				};
			};
			buildConfigurationList = D69374911C39506B002A0FBE /* Build configuration list for PBXProject "DimBackgroundPart2" */;
			compatibilityVersion = "Xcode 3.2";
			developmentRegion = English;
			hasScannedForEncodings = 0;
			knownRegions = (
				en,
				Base,
			);
			mainGroup = D693748D1C39506B002A0FBE;
			productRefGroup = D69374971C39506B002A0FBE /* Products */;
			projectDirPath = "";
			projectRoot = "";
			targets = (
				D69374951C39506B002A0FBE /* DimBackgroundPart2 */,
				D69374A91C39506B002A0FBE /* DimBackgroundPart2Tests */,
				D69374B41C39506B002A0FBE /* DimBackgroundPart2UITests */,
			);
		};
/* End PBXProject section */

/* Begin PBXResourcesBuildPhase section */
		D69374941C39506B002A0FBE /* Resources */ = {
			isa = PBXResourcesBuildPhase;
			buildActionMask = 2147483647;
			files = (
				D69374A41C39506B002A0FBE /* LaunchScreen.storyboard in Resources */,
				D69374A11C39506B002A0FBE /* Assets.xcassets in Resources */,
				D693749F1C39506B002A0FBE /* Main.storyboard in Resources */,
			);
			runOnlyForDeploymentPostprocessing = 0;
		};
		D69374A81C39506B002A0FBE /* Resources */ = {
			isa = PBXResourcesBuildPhase;
			buildActionMask = 2147483647;
			files = (
			);
			runOnlyForDeploymentPostprocessing = 0;
		};
		D69374B31C39506B002A0FBE /* Resources */ = {
			isa = PBXResourcesBuildPhase;
			buildActionMask = 2147483647;
			files = (
			);
			runOnlyForDeploymentPostprocessing = 0;
		};
/* End PBXResourcesBuildPhase section */

/* Begin PBXSourcesBuildPhase section */
		D69374921C39506B002A0FBE /* Sources */ = {
			isa = PBXSourcesBuildPhase;
			buildActionMask = 2147483647;
			files = (
				D693749C1C39506B002A0FBE /* ViewController.swift in Sources */,
				D693749A1C39506B002A0FBE /* AppDelegate.swift in Sources */,
				D69374C81C39731A002A0FBE /* Dimmable.swift in Sources */,
			);
			runOnlyForDeploymentPostprocessing = 0;
		};
		D69374A61C39506B002A0FBE /* Sources */ = {
			isa = PBXSourcesBuildPhase;
			buildActionMask = 2147483647;
			files = (
				D69374AF1C39506B002A0FBE /* DimBackgroundPart2Tests.swift in Sources */,
			);
			runOnlyForDeploymentPostprocessing = 0;
		};
		D69374B11C39506B002A0FBE /* Sources */ = {
			isa = PBXSourcesBuildPhase;
			buildActionMask = 2147483647;
			files = (
				D69374BA1C39506B002A0FBE /* DimBackgroundPart2UITests.swift in Sources */,
			);
			runOnlyForDeploymentPostprocessing = 0;
		};
/* End PBXSourcesBuildPhase section */

/* Begin PBXTargetDependency section */
		D69374AC1C39506B002A0FBE /* PBXTargetDependency */ = {
			isa = PBXTargetDependency;
			target = D69374951C39506B002A0FBE /* DimBackgroundPart2 */;
			targetProxy = D69374AB1C39506B002A0FBE /* PBXContainerItemProxy */;
		};
		D69374B71C39506B002A0FBE /* PBXTargetDependency */ = {
			isa = PBXTargetDependency;
			target = D69374951C39506B002A0FBE /* DimBackgroundPart2 */;
			targetProxy = D69374B61C39506B002A0FBE /* PBXContainerItemProxy */;
		};
/* End PBXTargetDependency section */

/* Begin PBXVariantGroup section */
		D693749D1C39506B002A0FBE /* Main.storyboard */ = {
			isa = PBXVariantGroup;
			children = (
				D693749E1C39506B002A0FBE /* Base */,
			);
			name = Main.storyboard;
			sourceTree = "<group>";
		};
		D69374A21C39506B002A0FBE /* LaunchScreen.storyboard */ = {
			isa = PBXVariantGroup;
			children = (
				D69374A31C39506B002A0FBE /* Base */,
			);
			name = LaunchScreen.storyboard;
			sourceTree = "<group>";
		};
/* End PBXVariantGroup section */

/* Begin XCBuildConfiguration section */
		D69374BC1C39506B002A0FBE /* Debug */ = {
			isa = XCBuildConfiguration;
			buildSettings = {
				ALWAYS_SEARCH_USER_PATHS = NO;
				CLANG_CXX_LANGUAGE_STANDARD = "gnu++0x";
				CLANG_CXX_LIBRARY = "libc++";
				CLANG_ENABLE_MODULES = YES;
				CLANG_ENABLE_OBJC_ARC = YES;
				CLANG_WARN_BOOL_CONVERSION = YES;
				CLANG_WARN_CONSTANT_CONVERSION = YES;
				CLANG_WARN_DIRECT_OBJC_ISA_USAGE = YES_ERROR;
				CLANG_WARN_EMPTY_BODY = YES;
				CLANG_WARN_ENUM_CONVERSION = YES;
				CLANG_WARN_INT_CONVERSION = YES;
				CLANG_WARN_OBJC_ROOT_CLASS = YES_ERROR;
				CLANG_WARN_UNREACHABLE_CODE = YES;
				CLANG_WARN__DUPLICATE_METHOD_MATCH = YES;
				"CODE_SIGN_IDENTITY[sdk=iphoneos*]" = "iPhone Developer";
				COPY_PHASE_STRIP = NO;
				DEBUG_INFORMATION_FORMAT = dwarf;
				ENABLE_STRICT_OBJC_MSGSEND = YES;
				ENABLE_TESTABILITY = YES;
				GCC_C_LANGUAGE_STANDARD = gnu99;
				GCC_DYNAMIC_NO_PIC = NO;
				GCC_NO_COMMON_BLOCKS = YES;
				GCC_OPTIMIZATION_LEVEL = 0;
				GCC_PREPROCESSOR_DEFINITIONS = (
					"DEBUG=1",
					"$(inherited)",
				);
				GCC_WARN_64_TO_32_BIT_CONVERSION = YES;
				GCC_WARN_ABOUT_RETURN_TYPE = YES_ERROR;
				GCC_WARN_UNDECLARED_SELECTOR = YES;
				GCC_WARN_UNINITIALIZED_AUTOS = YES_AGGRESSIVE;
				GCC_WARN_UNUSED_FUNCTION = YES;
				GCC_WARN_UNUSED_VARIABLE = YES;
				IPHONEOS_DEPLOYMENT_TARGET = 9.2;
				MTL_ENABLE_DEBUG_INFO = YES;
				ONLY_ACTIVE_ARCH = YES;
				SDKROOT = iphoneos;
				SWIFT_OPTIMIZATION_LEVEL = "-Onone";
				TARGETED_DEVICE_FAMILY = "1,2";
			};
			name = Debug;
		};
		D69374BD1C39506B002A0FBE /* Release */ = {
			isa = XCBuildConfiguration;
			buildSettings = {
				ALWAYS_SEARCH_USER_PATHS = NO;
				CLANG_CXX_LANGUAGE_STANDARD = "gnu++0x";
				CLANG_CXX_LIBRARY = "libc++";
				CLANG_ENABLE_MODULES = YES;
				CLANG_ENABLE_OBJC_ARC = YES;
				CLANG_WARN_BOOL_CONVERSION = YES;
				CLANG_WARN_CONSTANT_CONVERSION = YES;
				CLANG_WARN_DIRECT_OBJC_ISA_USAGE = YES_ERROR;
				CLANG_WARN_EMPTY_BODY = YES;
				CLANG_WARN_ENUM_CONVERSION = YES;
				CLANG_WARN_INT_CONVERSION = YES;
				CLANG_WARN_OBJC_ROOT_CLASS = YES_ERROR;
				CLANG_WARN_UNREACHABLE_CODE = YES;
				CLANG_WARN__DUPLICATE_METHOD_MATCH = YES;
				"CODE_SIGN_IDENTITY[sdk=iphoneos*]" = "iPhone Developer";
				COPY_PHASE_STRIP = NO;
				DEBUG_INFORMATION_FORMAT = "dwarf-with-dsym";
				ENABLE_NS_ASSERTIONS = NO;
				ENABLE_STRICT_OBJC_MSGSEND = YES;
				GCC_C_LANGUAGE_STANDARD = gnu99;
				GCC_NO_COMMON_BLOCKS = YES;
				GCC_WARN_64_TO_32_BIT_CONVERSION = YES;
				GCC_WARN_ABOUT_RETURN_TYPE = YES_ERROR;
				GCC_WARN_UNDECLARED_SELECTOR = YES;
				GCC_WARN_UNINITIALIZED_AUTOS = YES_AGGRESSIVE;
				GCC_WARN_UNUSED_FUNCTION = YES;
				GCC_WARN_UNUSED_VARIABLE = YES;
				IPHONEOS_DEPLOYMENT_TARGET = 9.2;
				MTL_ENABLE_DEBUG_INFO = NO;
				SDKROOT = iphoneos;
				TARGETED_DEVICE_FAMILY = "1,2";
				VALIDATE_PRODUCT = YES;
			};
			name = Release;
		};
		D69374BF1C39506B002A0FBE /* Debug */ = {
			isa = XCBuildConfiguration;
			buildSettings = {
				ASSETCATALOG_COMPILER_APPICON_NAME = AppIcon;
				INFOPLIST_FILE = DimBackgroundPart2/Info.plist;
				LD_RUNPATH_SEARCH_PATHS = "$(inherited) @executable_path/Frameworks";
				PRODUCT_BUNDLE_IDENTIFIER = training.totem.DimBackgroundPart2;
				PRODUCT_NAME = "$(TARGET_NAME)";
			};
			name = Debug;
		};
		D69374C01C39506B002A0FBE /* Release */ = {
			isa = XCBuildConfiguration;
			buildSettings = {
				ASSETCATALOG_COMPILER_APPICON_NAME = AppIcon;
				INFOPLIST_FILE = DimBackgroundPart2/Info.plist;
				LD_RUNPATH_SEARCH_PATHS = "$(inherited) @executable_path/Frameworks";
				PRODUCT_BUNDLE_IDENTIFIER = training.totem.DimBackgroundPart2;
				PRODUCT_NAME = "$(TARGET_NAME)";
			};
			name = Release;
		};
		D69374C21C39506B002A0FBE /* Debug */ = {
			isa = XCBuildConfiguration;
			buildSettings = {
				BUNDLE_LOADER = "$(TEST_HOST)";
				INFOPLIST_FILE = DimBackgroundPart2Tests/Info.plist;
				LD_RUNPATH_SEARCH_PATHS = "$(inherited) @executable_path/Frameworks @loader_path/Frameworks";
				PRODUCT_BUNDLE_IDENTIFIER = training.totem.DimBackgroundPart2Tests;
				PRODUCT_NAME = "$(TARGET_NAME)";
				TEST_HOST = "$(BUILT_PRODUCTS_DIR)/DimBackgroundPart2.app/DimBackgroundPart2";
			};
			name = Debug;
		};
		D69374C31C39506B002A0FBE /* Release */ = {
			isa = XCBuildConfiguration;
			buildSettings = {
				BUNDLE_LOADER = "$(TEST_HOST)";
				INFOPLIST_FILE = DimBackgroundPart2Tests/Info.plist;
				LD_RUNPATH_SEARCH_PATHS = "$(inherited) @executable_path/Frameworks @loader_path/Frameworks";
				PRODUCT_BUNDLE_IDENTIFIER = training.totem.DimBackgroundPart2Tests;
				PRODUCT_NAME = "$(TARGET_NAME)";
				TEST_HOST = "$(BUILT_PRODUCTS_DIR)/DimBackgroundPart2.app/DimBackgroundPart2";
			};
			name = Release;
		};
		D69374C51C39506B002A0FBE /* Debug */ = {
			isa = XCBuildConfiguration;
			buildSettings = {
				INFOPLIST_FILE = DimBackgroundPart2UITests/Info.plist;
				LD_RUNPATH_SEARCH_PATHS = "$(inherited) @executable_path/Frameworks @loader_path/Frameworks";
				PRODUCT_BUNDLE_IDENTIFIER = training.totem.DimBackgroundPart2UITests;
				PRODUCT_NAME = "$(TARGET_NAME)";
				TEST_TARGET_NAME = DimBackgroundPart2;
				USES_XCTRUNNER = YES;
			};
			name = Debug;
		};
		D69374C61C39506B002A0FBE /* Release */ = {
			isa = XCBuildConfiguration;
			buildSettings = {
				INFOPLIST_FILE = DimBackgroundPart2UITests/Info.plist;
				LD_RUNPATH_SEARCH_PATHS = "$(inherited) @executable_path/Frameworks @loader_path/Frameworks";
				PRODUCT_BUNDLE_IDENTIFIER = training.totem.DimBackgroundPart2UITests;
				PRODUCT_NAME = "$(TARGET_NAME)";
				TEST_TARGET_NAME = DimBackgroundPart2;
				USES_XCTRUNNER = YES;
			};
			name = Release;
		};
/* End XCBuildConfiguration section */

/* Begin XCConfigurationList section */
		D69374911C39506B002A0FBE /* Build configuration list for PBXProject "DimBackgroundPart2" */ = {
			isa = XCConfigurationList;
			buildConfigurations = (
				D69374BC1C39506B002A0FBE /* Debug */,
				D69374BD1C39506B002A0FBE /* Release */,
			);
			defaultConfigurationIsVisible = 0;
			defaultConfigurationName = Release;
		};
		D69374BE1C39506B002A0FBE /* Build configuration list for PBXNativeTarget "DimBackgroundPart2" */ = {
			isa = XCConfigurationList;
			buildConfigurations = (
				D69374BF1C39506B002A0FBE /* Debug */,
				D69374C01C39506B002A0FBE /* Release */,
			);
			defaultConfigurationIsVisible = 0;
		};
		D69374C11C39506B002A0FBE /* Build configuration list for PBXNativeTarget "DimBackgroundPart2Tests" */ = {
			isa = XCConfigurationList;
			buildConfigurations = (
				D69374C21C39506B002A0FBE /* Debug */,
				D69374C31C39506B002A0FBE /* Release */,
			);
			defaultConfigurationIsVisible = 0;
		};
		D69374C41C39506B002A0FBE /* Build configuration list for PBXNativeTarget "DimBackgroundPart2UITests" */ = {
			isa = XCConfigurationList;
			buildConfigurations = (
				D69374C51C39506B002A0FBE /* Debug */,
				D69374C61C39506B002A0FBE /* Release */,
			);
			defaultConfigurationIsVisible = 0;
		};
/* End XCConfigurationList section */
	};
	rootObject = D693748E1C39506B002A0FBE /* Project object */;
}
